
Microsoft Visual Studio Solution File, Format Version 12.00
# Visual Studio Version 17
VisualStudioVersion = 17.3.32922.545
MinimumVisualStudioVersion = 10.0.40219.1
Project("{FAE04EC0-301F-11D3-BF4B-00C04F79EFBC}") = "MoodAnalyzer", "MoodAnalyzer\MoodAnalyzer.csproj", "{2EA649B8-47BC-450B-B5E6-5257BCD5C862}"
EndProject
Project("{FAE04EC0-301F-11D3-BF4B-00C04F79EFBC}") = "MoodAnalyzerTest", "MoodAnalyzerTest\MoodAnalyzerTest.csproj", "{C7D1A9CC-C912-4379-9F10-DD65FEA1FEBB}"
EndProject
Global
	GlobalSection(SolutionConfigurationPlatforms) = preSolution
		Debug|Any CPU = Debug|Any CPU
		Release|Any CPU = Release|Any CPU
	EndGlobalSection
	GlobalSection(ProjectConfigurationPlatforms) = postSolution
		{2EA649B8-47BC-450B-B5E6-5257BCD5C862}.Debug|Any CPU.ActiveCfg = Debug|Any CPU
		{2EA649B8-47BC-450B-B5E6-5257BCD5C862}.Debug|Any CPU.Build.0 = Debug|Any CPU
		{2EA649B8-47BC-450B-B5E6-5257BCD5C862}.Release|Any CPU.ActiveCfg = Release|Any CPU
		{2EA649B8-47BC-450B-B5E6-5257BCD5C862}.Release|Any CPU.Build.0 = Release|Any CPU
		{C7D1A9CC-C912-4379-9F10-DD65FEA1FEBB}.Debug|Any CPU.ActiveCfg = Debug|Any CPU
		{C7D1A9CC-C912-4379-9F10-DD65FEA1FEBB}.Debug|Any CPU.Build.0 = Debug|Any CPU
		{C7D1A9CC-C912-4379-9F10-DD65FEA1FEBB}.Release|Any CPU.ActiveCfg = Release|Any CPU
		{C7D1A9CC-C912-4379-9F10-DD65FEA1FEBB}.Release|Any CPU.Build.0 = Release|Any CPU
	EndGlobalSection
	GlobalSection(SolutionProperties) = preSolution
		HideSolutionNode = FALSE
	EndGlobalSection
	GlobalSection(ExtensibilityGlobals) = postSolution
		SolutionGuid = {FC84D6F9-7563-4A64-9DDD-47E6DC255286}
	EndGlobalSection
EndGlobal
